// !$*UTF8*$!
{
	archiveVersion = 1;
	classes = {
	};
	objectVersion = 77;
	objects = {

/* Begin PBXBuildFile section */
		4523E5002E74AC3F00E64BE0 /* SegmentCleverTap in Frameworks */ = {isa = PBXBuildFile; productRef = 4523E4FF2E74AC3F00E64BE0 /* SegmentCleverTap */; };
		45EA7D6E2E74D4B700A13DFE /* AnalyticsLive in Frameworks */ = {isa = PBXBuildFile; productRef = 45EA7D6D2E74D4B700A13DFE /* AnalyticsLive */; };
/* End PBXBuildFile section */

/* Begin PBXContainerItemProxy section */
		45F18AF72E74A53500125698 /* PBXContainerItemProxy */ = {
			isa = PBXContainerItemProxy;
			containerPortal = 45F18AD82E74A53200125698 /* Project object */;
			proxyType = 1;
			remoteGlobalIDString = 45F18ADF2E74A53200125698;
			remoteInfo = SegmentSwift;
		};
		45F18B012E74A53500125698 /* PBXContainerItemProxy */ = {
			isa = PBXContainerItemProxy;
			containerPortal = 45F18AD82E74A53200125698 /* Project object */;
			proxyType = 1;
			remoteGlobalIDString = 45F18ADF2E74A53200125698;
			remoteInfo = SegmentSwift;
		};
/* End PBXContainerItemProxy section */

/* Begin PBXFileReference section */
		45F18AE02E74A53200125698 /* SegmentSwift.app */ = {isa = PBXFileReference; explicitFileType = wrapper.application; includeInIndex = 0; path = SegmentSwift.app; sourceTree = BUILT_PRODUCTS_DIR; };
		45F18AF62E74A53500125698 /* SegmentSwiftTests.xctest */ = {isa = PBXFileReference; explicitFileType = wrapper.cfbundle; includeInIndex = 0; path = SegmentSwiftTests.xctest; sourceTree = BUILT_PRODUCTS_DIR; };
		45F18B002E74A53500125698 /* SegmentSwiftUITests.xctest */ = {isa = PBXFileReference; explicitFileType = wrapper.cfbundle; includeInIndex = 0; path = SegmentSwiftUITests.xctest; sourceTree = BUILT_PRODUCTS_DIR; };
/* End PBXFileReference section */

/* Begin PBXFileSystemSynchronizedBuildFileExceptionSet section */
		45F18B082E74A53500125698 /* Exceptions for "SegmentSwift" folder in "SegmentSwift" target */ = {
			isa = PBXFileSystemSynchronizedBuildFileExceptionSet;
			membershipExceptions = (
				Info.plist,
			);
			target = 45F18ADF2E74A53200125698 /* SegmentSwift */;
		};
/* End PBXFileSystemSynchronizedBuildFileExceptionSet section */

/* Begin PBXFileSystemSynchronizedRootGroup section */
		45F18AE22E74A53200125698 /* SegmentSwift */ = {
			isa = PBXFileSystemSynchronizedRootGroup;
			exceptions = (
				45F18B082E74A53500125698 /* Exceptions for "SegmentSwift" folder in "SegmentSwift" target */,
			);
			path = SegmentSwift;
			sourceTree = "<group>";
		};
		45F18AF92E74A53500125698 /* SegmentSwiftTests */ = {
			isa = PBXFileSystemSynchronizedRootGroup;
			path = SegmentSwiftTests;
			sourceTree = "<group>";
		};
		45F18B032E74A53500125698 /* SegmentSwiftUITests */ = {
			isa = PBXFileSystemSynchronizedRootGroup;
			path = SegmentSwiftUITests;
			sourceTree = "<group>";
		};
/* End PBXFileSystemSynchronizedRootGroup section */

/* Begin PBXFrameworksBuildPhase section */
		45F18ADD2E74A53200125698 /* Frameworks */ = {
			isa = PBXFrameworksBuildPhase;
			buildActionMask = 2147483647;
			files = (
				4523E5002E74AC3F00E64BE0 /* SegmentCleverTap in Frameworks */,
				45EA7D6E2E74D4B700A13DFE /* AnalyticsLive in Frameworks */,
			);
			runOnlyForDeploymentPostprocessing = 0;
		};
		45F18AF32E74A53500125698 /* Frameworks */ = {
			isa = PBXFrameworksBuildPhase;
			buildActionMask = 2147483647;
			files = (
			);
			runOnlyForDeploymentPostprocessing = 0;
		};
		45F18AFD2E74A53500125698 /* Frameworks */ = {
			isa = PBXFrameworksBuildPhase;
			buildActionMask = 2147483647;
			files = (
			);
			runOnlyForDeploymentPostprocessing = 0;
		};
/* End PBXFrameworksBuildPhase section */

/* Begin PBXGroup section */
		4523E4FE2E74AC3E00E64BE0 /* Frameworks */ = {
			isa = PBXGroup;
			children = (
			);
			name = Frameworks;
			sourceTree = "<group>";
		};
		45F18AD72E74A53200125698 = {
			isa = PBXGroup;
			children = (
				45F18AE22E74A53200125698 /* SegmentSwift */,
				45F18AF92E74A53500125698 /* SegmentSwiftTests */,
				45F18B032E74A53500125698 /* SegmentSwiftUITests */,
				4523E4FE2E74AC3E00E64BE0 /* Frameworks */,
				45F18AE12E74A53200125698 /* Products */,
			);
			sourceTree = "<group>";
		};
		45F18AE12E74A53200125698 /* Products */ = {
			isa = PBXGroup;
			children = (
				45F18AE02E74A53200125698 /* SegmentSwift.app */,
				45F18AF62E74A53500125698 /* SegmentSwiftTests.xctest */,
				45F18B002E74A53500125698 /* SegmentSwiftUITests.xctest */,
			);
			name = Products;
			sourceTree = "<group>";
		};
/* End PBXGroup section */

/* Begin PBXNativeTarget section */
		45F18ADF2E74A53200125698 /* SegmentSwift */ = {
			isa = PBXNativeTarget;
			buildConfigurationList = 45F18B092E74A53500125698 /* Build configuration list for PBXNativeTarget "SegmentSwift" */;
			buildPhases = (
				45F18ADC2E74A53200125698 /* Sources */,
				45F18ADD2E74A53200125698 /* Frameworks */,
				45F18ADE2E74A53200125698 /* Resources */,
			);
			buildRules = (
			);
			dependencies = (
			);
			fileSystemSynchronizedGroups = (
				45F18AE22E74A53200125698 /* SegmentSwift */,
			);
			name = SegmentSwift;
			packageProductDependencies = (
				4523E4FF2E74AC3F00E64BE0 /* SegmentCleverTap */,
				45EA7D6D2E74D4B700A13DFE /* AnalyticsLive */,
			);
			productName = SegmentSwift;
			productReference = 45F18AE02E74A53200125698 /* SegmentSwift.app */;
			productType = "com.apple.product-type.application";
		};
		45F18AF52E74A53500125698 /* SegmentSwiftTests */ = {
			isa = PBXNativeTarget;
			buildConfigurationList = 45F18B0E2E74A53500125698 /* Build configuration list for PBXNativeTarget "SegmentSwiftTests" */;
			buildPhases = (
				45F18AF22E74A53500125698 /* Sources */,
				45F18AF32E74A53500125698 /* Frameworks */,
				45F18AF42E74A53500125698 /* Resources */,
			);
			buildRules = (
			);
			dependencies = (
				45F18AF82E74A53500125698 /* PBXTargetDependency */,
			);
			fileSystemSynchronizedGroups = (
				45F18AF92E74A53500125698 /* SegmentSwiftTests */,
			);
			name = SegmentSwiftTests;
			packageProductDependencies = (
			);
			productName = SegmentSwiftTests;
			productReference = 45F18AF62E74A53500125698 /* SegmentSwiftTests.xctest */;
			productType = "com.apple.product-type.bundle.unit-test";
		};
		45F18AFF2E74A53500125698 /* SegmentSwiftUITests */ = {
			isa = PBXNativeTarget;
			buildConfigurationList = 45F18B112E74A53500125698 /* Build configuration list for PBXNativeTarget "SegmentSwiftUITests" */;
			buildPhases = (
				45F18AFC2E74A53500125698 /* Sources */,
				45F18AFD2E74A53500125698 /* Frameworks */,
				45F18AFE2E74A53500125698 /* Resources */,
			);
			buildRules = (
			);
			dependencies = (
				45F18B022E74A53500125698 /* PBXTargetDependency */,
			);
			fileSystemSynchronizedGroups = (
				45F18B032E74A53500125698 /* SegmentSwiftUITests */,
			);
			name = SegmentSwiftUITests;
			packageProductDependencies = (
			);
			productName = SegmentSwiftUITests;
			productReference = 45F18B002E74A53500125698 /* SegmentSwiftUITests.xctest */;
			productType = "com.apple.product-type.bundle.ui-testing";
		};
/* End PBXNativeTarget section */

/* Begin PBXProject section */
		45F18AD82E74A53200125698 /* Project object */ = {
			isa = PBXProject;
			attributes = {
				BuildIndependentTargetsInParallel = 1;
				LastSwiftUpdateCheck = 1620;
				LastUpgradeCheck = 1620;
				TargetAttributes = {
					45F18ADF2E74A53200125698 = {
						CreatedOnToolsVersion = 16.2;
					};
					45F18AF52E74A53500125698 = {
						CreatedOnToolsVersion = 16.2;
						TestTargetID = 45F18ADF2E74A53200125698;
					};
					45F18AFF2E74A53500125698 = {
						CreatedOnToolsVersion = 16.2;
						TestTargetID = 45F18ADF2E74A53200125698;
					};
				};
			};
			buildConfigurationList = 45F18ADB2E74A53200125698 /* Build configuration list for PBXProject "SegmentSwift" */;
			developmentRegion = en;
			hasScannedForEncodings = 0;
			knownRegions = (
				en,
				Base,
			);
			mainGroup = 45F18AD72E74A53200125698;
			minimizedProjectReferenceProxies = 1;
			packageReferences = (
				4523E4FD2E74ABF300E64BE0 /* XCRemoteSwiftPackageReference "clevertap-segment-swift" */,
				4523E5072E74B20D00E64BE0 /* XCRemoteSwiftPackageReference "clevertap-ios-sdk" */,
				45EA7D6C2E74D45700A13DFE /* XCRemoteSwiftPackageReference "analytics-swift-live" */,
			);
			preferredProjectObjectVersion = 77;
			productRefGroup = 45F18AE12E74A53200125698 /* Products */;
			projectDirPath = "";
			projectRoot = "";
			targets = (
				45F18ADF2E74A53200125698 /* SegmentSwift */,
				45F18AF52E74A53500125698 /* SegmentSwiftTests */,
				45F18AFF2E74A53500125698 /* SegmentSwiftUITests */,
			);
		};
/* End PBXProject section */

/* Begin PBXResourcesBuildPhase section */
		45F18ADE2E74A53200125698 /* Resources */ = {
			isa = PBXResourcesBuildPhase;
			buildActionMask = 2147483647;
			files = (
			);
			runOnlyForDeploymentPostprocessing = 0;
		};
		45F18AF42E74A53500125698 /* Resources */ = {
			isa = PBXResourcesBuildPhase;
			buildActionMask = 2147483647;
			files = (
			);
			runOnlyForDeploymentPostprocessing = 0;
		};
		45F18AFE2E74A53500125698 /* Resources */ = {
			isa = PBXResourcesBuildPhase;
			buildActionMask = 2147483647;
			files = (
			);
			runOnlyForDeploymentPostprocessing = 0;
		};
/* End PBXResourcesBuildPhase section */

/* Begin PBXSourcesBuildPhase section */
		45F18ADC2E74A53200125698 /* Sources */ = {
			isa = PBXSourcesBuildPhase;
			buildActionMask = 2147483647;
			files = (
			);
			runOnlyForDeploymentPostprocessing = 0;
		};
		45F18AF22E74A53500125698 /* Sources */ = {
			isa = PBXSourcesBuildPhase;
			buildActionMask = 2147483647;
			files = (
			);
			runOnlyForDeploymentPostprocessing = 0;
		};
		45F18AFC2E74A53500125698 /* Sources */ = {
			isa = PBXSourcesBuildPhase;
			buildActionMask = 2147483647;
			files = (
			);
			runOnlyForDeploymentPostprocessing = 0;
		};
/* End PBXSourcesBuildPhase section */

/* Begin PBXTargetDependency section */
		45F18AF82E74A53500125698 /* PBXTargetDependency */ = {
			isa = PBXTargetDependency;
			target = 45F18ADF2E74A53200125698 /* SegmentSwift */;
			targetProxy = 45F18AF72E74A53500125698 /* PBXContainerItemProxy */;
		};
		45F18B022E74A53500125698 /* PBXTargetDependency */ = {
			isa = PBXTargetDependency;
			target = 45F18ADF2E74A53200125698 /* SegmentSwift */;
			targetProxy = 45F18B012E74A53500125698 /* PBXContainerItemProxy */;
		};
/* End PBXTargetDependency section */

/* Begin XCBuildConfiguration section */
		45F18B0A2E74A53500125698 /* Debug */ = {
			isa = XCBuildConfiguration;
			buildSettings = {
				ASSETCATALOG_COMPILER_APPICON_NAME = AppIcon;
				ASSETCATALOG_COMPILER_GLOBAL_ACCENT_COLOR_NAME = AccentColor;
				CODE_SIGN_STYLE = Automatic;
				CURRENT_PROJECT_VERSION = 1;
				DEVELOPMENT_TEAM = 6MY4LZCCZA;
				GENERATE_INFOPLIST_FILE = YES;
				INFOPLIST_FILE = SegmentSwift/Info.plist;
				INFOPLIST_KEY_UIApplicationSupportsIndirectInputEvents = YES;
				INFOPLIST_KEY_UILaunchStoryboardName = LaunchScreen;
				INFOPLIST_KEY_UIMainStoryboardFile = Main;
				INFOPLIST_KEY_UISupportedInterfaceOrientations_iPad = "UIInterfaceOrientationPortrait UIInterfaceOrientationPortraitUpsideDown UIInterfaceOrientationLandscapeLeft UIInterfaceOrientationLandscapeRight";
				INFOPLIST_KEY_UISupportedInterfaceOrientations_iPhone = "UIInterfaceOrientationPortrait UIInterfaceOrientationLandscapeLeft UIInterfaceOrientationLandscapeRight";
				IPHONEOS_DEPLOYMENT_TARGET = 18.0;
				LD_RUNPATH_SEARCH_PATHS = (
					"$(inherited)",
					"@executable_path/Frameworks",
				);
				MARKETING_VERSION = 1.0;
				PRODUCT_BUNDLE_IDENTIFIER = com.example.ruben.SegmentSwift;
				PRODUCT_NAME = "$(TARGET_NAME)";
				SWIFT_EMIT_LOC_STRINGS = YES;
				SWIFT_VERSION = 5.0;
				TARGETED_DEVICE_FAMILY = "1,2";
			};
			name = Debug;
		};
		45F18B0B2E74A53500125698 /* Release */ = {
			isa = XCBuildConfiguration;
			buildSettings = {
				ASSETCATALOG_COMPILER_APPICON_NAME = AppIcon;
				ASSETCATALOG_COMPILER_GLOBAL_ACCENT_COLOR_NAME = AccentColor;
				CODE_SIGN_STYLE = Automatic;
				CURRENT_PROJECT_VERSION = 1;
				DEVELOPMENT_TEAM = 6MY4LZCCZA;
				GENERATE_INFOPLIST_FILE = YES;
				INFOPLIST_FILE = SegmentSwift/Info.plist;
				INFOPLIST_KEY_UIApplicationSupportsIndirectInputEvents = YES;
				INFOPLIST_KEY_UILaunchStoryboardName = LaunchScreen;
				INFOPLIST_KEY_UIMainStoryboardFile = Main;
				INFOPLIST_KEY_UISupportedInterfaceOrientations_iPad = "UIInterfaceOrientationPortrait UIInterfaceOrientationPortraitUpsideDown UIInterfaceOrientationLandscapeLeft UIInterfaceOrientationLandscapeRight";
				INFOPLIST_KEY_UISupportedInterfaceOrientations_iPhone = "UIInterfaceOrientationPortrait UIInterfaceOrientationLandscapeLeft UIInterfaceOrientationLandscapeRight";
				IPHONEOS_DEPLOYMENT_TARGET = 18.0;
				LD_RUNPATH_SEARCH_PATHS = (
					"$(inherited)",
					"@executable_path/Frameworks",
				);
				MARKETING_VERSION = 1.0;
				PRODUCT_BUNDLE_IDENTIFIER = com.example.ruben.SegmentSwift;
				PRODUCT_NAME = "$(TARGET_NAME)";
				SWIFT_EMIT_LOC_STRINGS = YES;
				SWIFT_VERSION = 5.0;
				TARGETED_DEVICE_FAMILY = "1,2";
			};
			name = Release;
		};
		45F18B0C2E74A53500125698 /* Debug */ = {
			isa = XCBuildConfiguration;
			buildSettings = {
				ALWAYS_SEARCH_USER_PATHS = NO;
				ASSETCATALOG_COMPILER_GENERATE_SWIFT_ASSET_SYMBOL_EXTENSIONS = YES;
				CLANG_ANALYZER_NONNULL = YES;
				CLANG_ANALYZER_NUMBER_OBJECT_CONVERSION = YES_AGGRESSIVE;
				CLANG_CXX_LANGUAGE_STANDARD = "gnu++20";
				CLANG_ENABLE_MODULES = YES;
				CLANG_ENABLE_OBJC_ARC = YES;
				CLANG_ENABLE_OBJC_WEAK = YES;
				CLANG_WARN_BLOCK_CAPTURE_AUTORELEASING = YES;
				CLANG_WARN_BOOL_CONVERSION = YES;
				CLANG_WARN_COMMA = YES;
				CLANG_WARN_CONSTANT_CONVERSION = YES;
				CLANG_WARN_DEPRECATED_OBJC_IMPLEMENTATIONS = YES;
				CLANG_WARN_DIRECT_OBJC_ISA_USAGE = YES_ERROR;
				CLANG_WARN_DOCUMENTATION_COMMENTS = YES;
				CLANG_WARN_EMPTY_BODY = YES;
				CLANG_WARN_ENUM_CONVERSION = YES;
				CLANG_WARN_INFINITE_RECURSION = YES;
				CLANG_WARN_INT_CONVERSION = YES;
				CLANG_WARN_NON_LITERAL_NULL_CONVERSION = YES;
				CLANG_WARN_OBJC_IMPLICIT_RETAIN_SELF = YES;
				CLANG_WARN_OBJC_LITERAL_CONVERSION = YES;
				CLANG_WARN_OBJC_ROOT_CLASS = YES_ERROR;
				CLANG_WARN_QUOTED_INCLUDE_IN_FRAMEWORK_HEADER = YES;
				CLANG_WARN_RANGE_LOOP_ANALYSIS = YES;
				CLANG_WARN_STRICT_PROTOTYPES = YES;
				CLANG_WARN_SUSPICIOUS_MOVE = YES;
				CLANG_WARN_UNGUARDED_AVAILABILITY = YES_AGGRESSIVE;
				CLANG_WARN_UNREACHABLE_CODE = YES;
				CLANG_WARN__DUPLICATE_METHOD_MATCH = YES;
				COPY_PHASE_STRIP = NO;
				DEBUG_INFORMATION_FORMAT = dwarf;
				ENABLE_STRICT_OBJC_MSGSEND = YES;
				ENABLE_TESTABILITY = YES;
				ENABLE_USER_SCRIPT_SANDBOXING = YES;
				GCC_C_LANGUAGE_STANDARD = gnu17;
				GCC_DYNAMIC_NO_PIC = NO;
				GCC_NO_COMMON_BLOCKS = YES;
				GCC_OPTIMIZATION_LEVEL = 0;
				GCC_PREPROCESSOR_DEFINITIONS = (
					"DEBUG=1",
					"$(inherited)",
				);
				GCC_WARN_64_TO_32_BIT_CONVERSION = YES;
				GCC_WARN_ABOUT_RETURN_TYPE = YES_ERROR;
				GCC_WARN_UNDECLARED_SELECTOR = YES;
				GCC_WARN_UNINITIALIZED_AUTOS = YES_AGGRESSIVE;
				GCC_WARN_UNUSED_FUNCTION = YES;
				GCC_WARN_UNUSED_VARIABLE = YES;
				IPHONEOS_DEPLOYMENT_TARGET = 18.2;
				LOCALIZATION_PREFERS_STRING_CATALOGS = YES;
				MTL_ENABLE_DEBUG_INFO = INCLUDE_SOURCE;
				MTL_FAST_MATH = YES;
				ONLY_ACTIVE_ARCH = YES;
				SDKROOT = iphoneos;
				SWIFT_ACTIVE_COMPILATION_CONDITIONS = "DEBUG $(inherited)";
				SWIFT_OPTIMIZATION_LEVEL = "-Onone";
			};
			name = Debug;
		};
		45F18B0D2E74A53500125698 /* Release */ = {
			isa = XCBuildConfiguration;
			buildSettings = {
				ALWAYS_SEARCH_USER_PATHS = NO;
				ASSETCATALOG_COMPILER_GENERATE_SWIFT_ASSET_SYMBOL_EXTENSIONS = YES;
				CLANG_ANALYZER_NONNULL = YES;
				CLANG_ANALYZER_NUMBER_OBJECT_CONVERSION = YES_AGGRESSIVE;
				CLANG_CXX_LANGUAGE_STANDARD = "gnu++20";
				CLANG_ENABLE_MODULES = YES;
				CLANG_ENABLE_OBJC_ARC = YES;
				CLANG_ENABLE_OBJC_WEAK = YES;
				CLANG_WARN_BLOCK_CAPTURE_AUTORELEASING = YES;
				CLANG_WARN_BOOL_CONVERSION = YES;
				CLANG_WARN_COMMA = YES;
				CLANG_WARN_CONSTANT_CONVERSION = YES;
				CLANG_WARN_DEPRECATED_OBJC_IMPLEMENTATIONS = YES;
				CLANG_WARN_DIRECT_OBJC_ISA_USAGE = YES_ERROR;
				CLANG_WARN_DOCUMENTATION_COMMENTS = YES;
				CLANG_WARN_EMPTY_BODY = YES;
				CLANG_WARN_ENUM_CONVERSION = YES;
				CLANG_WARN_INFINITE_RECURSION = YES;
				CLANG_WARN_INT_CONVERSION = YES;
				CLANG_WARN_NON_LITERAL_NULL_CONVERSION = YES;
				CLANG_WARN_OBJC_IMPLICIT_RETAIN_SELF = YES;
				CLANG_WARN_OBJC_LITERAL_CONVERSION = YES;
				CLANG_WARN_OBJC_ROOT_CLASS = YES_ERROR;
				CLANG_WARN_QUOTED_INCLUDE_IN_FRAMEWORK_HEADER = YES;
				CLANG_WARN_RANGE_LOOP_ANALYSIS = YES;
				CLANG_WARN_STRICT_PROTOTYPES = YES;
				CLANG_WARN_SUSPICIOUS_MOVE = YES;
				CLANG_WARN_UNGUARDED_AVAILABILITY = YES_AGGRESSIVE;
				CLANG_WARN_UNREACHABLE_CODE = YES;
				CLANG_WARN__DUPLICATE_METHOD_MATCH = YES;
				COPY_PHASE_STRIP = NO;
				DEBUG_INFORMATION_FORMAT = "dwarf-with-dsym";
				ENABLE_NS_ASSERTIONS = NO;
				ENABLE_STRICT_OBJC_MSGSEND = YES;
				ENABLE_USER_SCRIPT_SANDBOXING = YES;
				GCC_C_LANGUAGE_STANDARD = gnu17;
				GCC_NO_COMMON_BLOCKS = YES;
				GCC_WARN_64_TO_32_BIT_CONVERSION = YES;
				GCC_WARN_ABOUT_RETURN_TYPE = YES_ERROR;
				GCC_WARN_UNDECLARED_SELECTOR = YES;
				GCC_WARN_UNINITIALIZED_AUTOS = YES_AGGRESSIVE;
				GCC_WARN_UNUSED_FUNCTION = YES;
				GCC_WARN_UNUSED_VARIABLE = YES;
				IPHONEOS_DEPLOYMENT_TARGET = 18.2;
				LOCALIZATION_PREFERS_STRING_CATALOGS = YES;
				MTL_ENABLE_DEBUG_INFO = NO;
				MTL_FAST_MATH = YES;
				SDKROOT = iphoneos;
				SWIFT_COMPILATION_MODE = wholemodule;
				VALIDATE_PRODUCT = YES;
			};
			name = Release;
		};
		45F18B0F2E74A53500125698 /* Debug */ = {
			isa = XCBuildConfiguration;
			buildSettings = {
				BUNDLE_LOADER = "$(TEST_HOST)";
				CODE_SIGN_STYLE = Automatic;
				CURRENT_PROJECT_VERSION = 1;
				DEVELOPMENT_TEAM = 6MY4LZCCZA;
				GENERATE_INFOPLIST_FILE = YES;
				IPHONEOS_DEPLOYMENT_TARGET = 18.2;
				MARKETING_VERSION = 1.0;
				PRODUCT_BUNDLE_IDENTIFIER = com.example.ruben.SegmentSwiftTests;
				PRODUCT_NAME = "$(TARGET_NAME)";
				SWIFT_EMIT_LOC_STRINGS = NO;
				SWIFT_VERSION = 5.0;
				TARGETED_DEVICE_FAMILY = "1,2";
				TEST_HOST = "$(BUILT_PRODUCTS_DIR)/SegmentSwift.app/$(BUNDLE_EXECUTABLE_FOLDER_PATH)/SegmentSwift";
			};
			name = Debug;
		};
		45F18B102E74A53500125698 /* Release */ = {
			isa = XCBuildConfiguration;
			buildSettings = {
				BUNDLE_LOADER = "$(TEST_HOST)";
				CODE_SIGN_STYLE = Automatic;
				CURRENT_PROJECT_VERSION = 1;
				DEVELOPMENT_TEAM = 6MY4LZCCZA;
				GENERATE_INFOPLIST_FILE = YES;
				IPHONEOS_DEPLOYMENT_TARGET = 18.2;
				MARKETING_VERSION = 1.0;
				PRODUCT_BUNDLE_IDENTIFIER = com.example.ruben.SegmentSwiftTests;
				PRODUCT_NAME = "$(TARGET_NAME)";
				SWIFT_EMIT_LOC_STRINGS = NO;
				SWIFT_VERSION = 5.0;
				TARGETED_DEVICE_FAMILY = "1,2";
				TEST_HOST = "$(BUILT_PRODUCTS_DIR)/SegmentSwift.app/$(BUNDLE_EXECUTABLE_FOLDER_PATH)/SegmentSwift";
			};
			name = Release;
		};
		45F18B122E74A53500125698 /* Debug */ = {
			isa = XCBuildConfiguration;
			buildSettings = {
				CODE_SIGN_STYLE = Automatic;
				CURRENT_PROJECT_VERSION = 1;
				DEVELOPMENT_TEAM = 6MY4LZCCZA;
				GENERATE_INFOPLIST_FILE = YES;
				MARKETING_VERSION = 1.0;
				PRODUCT_BUNDLE_IDENTIFIER = com.example.ruben.SegmentSwiftUITests;
				PRODUCT_NAME = "$(TARGET_NAME)";
				SWIFT_EMIT_LOC_STRINGS = NO;
				SWIFT_VERSION = 5.0;
				TARGETED_DEVICE_FAMILY = "1,2";
				TEST_TARGET_NAME = SegmentSwift;
			};
			name = Debug;
		};
		45F18B132E74A53500125698 /* Release */ = {
			isa = XCBuildConfiguration;
			buildSettings = {
				CODE_SIGN_STYLE = Automatic;
				CURRENT_PROJECT_VERSION = 1;
				DEVELOPMENT_TEAM = 6MY4LZCCZA;
				GENERATE_INFOPLIST_FILE = YES;
				MARKETING_VERSION = 1.0;
				PRODUCT_BUNDLE_IDENTIFIER = com.example.ruben.SegmentSwiftUITests;
				PRODUCT_NAME = "$(TARGET_NAME)";
				SWIFT_EMIT_LOC_STRINGS = NO;
				SWIFT_VERSION = 5.0;
				TARGETED_DEVICE_FAMILY = "1,2";
				TEST_TARGET_NAME = SegmentSwift;
			};
			name = Release;
		};
/* End XCBuildConfiguration section */

/* Begin XCConfigurationList section */
		45F18ADB2E74A53200125698 /* Build configuration list for PBXProject "SegmentSwift" */ = {
			isa = XCConfigurationList;
			buildConfigurations = (
				45F18B0C2E74A53500125698 /* Debug */,
				45F18B0D2E74A53500125698 /* Release */,
			);
			defaultConfigurationIsVisible = 0;
			defaultConfigurationName = Release;
		};
		45F18B092E74A53500125698 /* Build configuration list for PBXNativeTarget "SegmentSwift" */ = {
			isa = XCConfigurationList;
			buildConfigurations = (
				45F18B0A2E74A53500125698 /* Debug */,
				45F18B0B2E74A53500125698 /* Release */,
			);
			defaultConfigurationIsVisible = 0;
			defaultConfigurationName = Release;
		};
		45F18B0E2E74A53500125698 /* Build configuration list for PBXNativeTarget "SegmentSwiftTests" */ = {
			isa = XCConfigurationList;
			buildConfigurations = (
				45F18B0F2E74A53500125698 /* Debug */,
				45F18B102E74A53500125698 /* Release */,
			);
			defaultConfigurationIsVisible = 0;
			defaultConfigurationName = Release;
		};
		45F18B112E74A53500125698 /* Build configuration list for PBXNativeTarget "SegmentSwiftUITests" */ = {
			isa = XCConfigurationList;
			buildConfigurations = (
				45F18B122E74A53500125698 /* Debug */,
				45F18B132E74A53500125698 /* Release */,
			);
			defaultConfigurationIsVisible = 0;
			defaultConfigurationName = Release;
		};
/* End XCConfigurationList section */

/* Begin XCRemoteSwiftPackageReference section */
		4523E4FD2E74ABF300E64BE0 /* XCRemoteSwiftPackageReference "clevertap-segment-swift" */ = {
			isa = XCRemoteSwiftPackageReference;
			repositoryURL = "https://github.com/CleverTap/clevertap-segment-swift.git";
			requirement = {
				kind = upToNextMajorVersion;
				minimumVersion = 1.0.0;
			};
		};
		4523E5072E74B20D00E64BE0 /* XCRemoteSwiftPackageReference "clevertap-ios-sdk" */ = {
			isa = XCRemoteSwiftPackageReference;
			repositoryURL = "https://github.com/CleverTap/clevertap-ios-sdk";
			requirement = {
				kind = upToNextMajorVersion;
				minimumVersion = 7.3.3;
			};
		};
		45EA7D6C2E74D45700A13DFE /* XCRemoteSwiftPackageReference "analytics-swift-live" */ = {
			isa = XCRemoteSwiftPackageReference;
			repositoryURL = "https://github.com/segment-integrations/analytics-swift-live.git";
			requirement = {
				kind = upToNextMajorVersion;
				minimumVersion = 3.2.0;
			};
		};
/* End XCRemoteSwiftPackageReference section */

/* Begin XCSwiftPackageProductDependency section */
		4523E4FF2E74AC3F00E64BE0 /* SegmentCleverTap */ = {
			isa = XCSwiftPackageProductDependency;
			package = 4523E4FD2E74ABF300E64BE0 /* XCRemoteSwiftPackageReference "clevertap-segment-swift" */;
			productName = SegmentCleverTap;
		};
		45EA7D6D2E74D4B700A13DFE /* AnalyticsLive */ = {
			isa = XCSwiftPackageProductDependency;
			package = 45EA7D6C2E74D45700A13DFE /* XCRemoteSwiftPackageReference "analytics-swift-live" */;
			productName = AnalyticsLive;
		};
/* End XCSwiftPackageProductDependency section */
	};
	rootObject = 45F18AD82E74A53200125698 /* Project object */;
}
